
Microsoft Visual Studio Solution File, Format Version 12.00
# Visual Studio Version 17
VisualStudioVersion = 17.8.34511.84
MinimumVisualStudioVersion = 10.0.40219.1
Project("{8BC9CEB8-8B4A-11D0-8D11-00A0C91BC942}") = "HelloTriangle", "HelloTriangle.vcxproj", "{09037BC1-44F9-4617-ADD6-54DCD84E0324}"
EndProject
Global
	GlobalSection(SolutionConfigurationPlatforms) = preSolution
		Debug|x64 = Debug|x64
		Debug|x86 = Debug|x86
		Release|x64 = Release|x64
		Release|x86 = Release|x86
	EndGlobalSection
	GlobalSection(ProjectConfigurationPlatforms) = postSolution
		{09037BC1-44F9-4617-ADD6-54DCD84E0324}.Debug|x64.ActiveCfg = Debug|x64
		{09037BC1-44F9-4617-ADD6-54DCD84E0324}.Debug|x64.Build.0 = Debug|x64
		{09037BC1-44F9-4617-ADD6-54DCD84E0324}.Debug|x86.ActiveCfg = Debug|Win32
		{09037BC1-44F9-4617-ADD6-54DCD84E0324}.Debug|x86.Build.0 = Debug|Win32
		{09037BC1-44F9-4617-ADD6-54DCD84E0324}.Release|x64.ActiveCfg = Release|x64
		{09037BC1-44F9-4617-ADD6-54DCD84E0324}.Release|x64.Build.0 = Release|x64
		{09037BC1-44F9-4617-ADD6-54DCD84E0324}.Release|x86.ActiveCfg = Release|Win32
		{09037BC1-44F9-4617-ADD6-54DCD84E0324}.Release|x86.Build.0 = Release|Win32
	EndGlobalSection
	GlobalSection(SolutionProperties) = preSolution
		HideSolutionNode = FALSE
	EndGlobalSection
	GlobalSection(ExtensibilityGlobals) = postSolution
		SolutionGuid = {01A69502-3C5C-4232-97B7-33581F868F3D}
	EndGlobalSection
EndGlobal
